
Microsoft Visual Studio Solution File, Format Version 12.00
# Visual Studio Version 17
VisualStudioVersion = 17.4.33213.308
MinimumVisualStudioVersion = 10.0.40219.1
Project("{FAE04EC0-301F-11D3-BF4B-00C04F79EFBC}") = "FriendlyBet", "FriendlyBet\FriendlyBet.csproj", "{312D4907-9C3A-4D07-AE4F-72FA3B27C816}"
EndProject
Global
	GlobalSection(SolutionConfigurationPlatforms) = preSolution
		Debug|Any CPU = Debug|Any CPU
		Release|Any CPU = Release|Any CPU
	EndGlobalSection
	GlobalSection(ProjectConfigurationPlatforms) = postSolution
		{312D4907-9C3A-4D07-AE4F-72FA3B27C816}.Debug|Any CPU.ActiveCfg = Debug|Any CPU
		{312D4907-9C3A-4D07-AE4F-72FA3B27C816}.Debug|Any CPU.Build.0 = Debug|Any CPU
		{312D4907-9C3A-4D07-AE4F-72FA3B27C816}.Release|Any CPU.ActiveCfg = Release|Any CPU
		{312D4907-9C3A-4D07-AE4F-72FA3B27C816}.Release|Any CPU.Build.0 = Release|Any CPU
	EndGlobalSection
	GlobalSection(SolutionProperties) = preSolution
		HideSolutionNode = FALSE
	EndGlobalSection
	GlobalSection(ExtensibilityGlobals) = postSolution
		SolutionGuid = {FE95D674-E0FD-48EA-BE90-E029B013DF12}
	EndGlobalSection
EndGlobal
