
Microsoft Visual Studio Solution File, Format Version 12.00
# Visual Studio Version 17
VisualStudioVersion = 17.3.32901.215
MinimumVisualStudioVersion = 10.0.40219.1
Project("{FAE04EC0-301F-11D3-BF4B-00C04F79EFBC}") = "FriendlyBet", "FriendlyBet\FriendlyBet.csproj", "{7BCB58BB-4E65-4BF5-A9DB-BC53CFE05001}"
EndProject
Global
	GlobalSection(SolutionConfigurationPlatforms) = preSolution
		Debug|Any CPU = Debug|Any CPU
		Release|Any CPU = Release|Any CPU
	EndGlobalSection
	GlobalSection(ProjectConfigurationPlatforms) = postSolution
		{7BCB58BB-4E65-4BF5-A9DB-BC53CFE05001}.Debug|Any CPU.ActiveCfg = Debug|Any CPU
		{7BCB58BB-4E65-4BF5-A9DB-BC53CFE05001}.Debug|Any CPU.Build.0 = Debug|Any CPU
		{7BCB58BB-4E65-4BF5-A9DB-BC53CFE05001}.Release|Any CPU.ActiveCfg = Release|Any CPU
		{7BCB58BB-4E65-4BF5-A9DB-BC53CFE05001}.Release|Any CPU.Build.0 = Release|Any CPU
	EndGlobalSection
	GlobalSection(SolutionProperties) = preSolution
		HideSolutionNode = FALSE
	EndGlobalSection
	GlobalSection(ExtensibilityGlobals) = postSolution
		SolutionGuid = {694B4509-D080-4B44-9E51-10E0D34F1A51}
	EndGlobalSection
EndGlobal
